
Microsoft Visual Studio Solution File, Format Version 12.00
# Visual Studio 15
VisualStudioVersion = 15.0.27004.2005
MinimumVisualStudioVersion = 10.0.40219.1
Project("{FAE04EC0-301F-11D3-BF4B-00C04F79EFBC}") = "Text14", "Text14\Text14.csproj", "{F6722359-35B9-4D52-9617-692386B58E93}"
EndProject
Global
	GlobalSection(SolutionConfigurationPlatforms) = preSolution
		Debug|Any CPU = Debug|Any CPU
		Release|Any CPU = Release|Any CPU
	EndGlobalSection
	GlobalSection(ProjectConfigurationPlatforms) = postSolution
		{F6722359-35B9-4D52-9617-692386B58E93}.Debug|Any CPU.ActiveCfg = Debug|Any CPU
		{F6722359-35B9-4D52-9617-692386B58E93}.Debug|Any CPU.Build.0 = Debug|Any CPU
		{F6722359-35B9-4D52-9617-692386B58E93}.Release|Any CPU.ActiveCfg = Release|Any CPU
		{F6722359-35B9-4D52-9617-692386B58E93}.Release|Any CPU.Build.0 = Release|Any CPU
	EndGlobalSection
	GlobalSection(SolutionProperties) = preSolution
		HideSolutionNode = FALSE
	EndGlobalSection
	GlobalSection(ExtensibilityGlobals) = postSolution
		SolutionGuid = {58870BFB-DAA7-4BAD-8742-0C7ECF828561}
	EndGlobalSection
EndGlobal
