
Microsoft Visual Studio Solution File, Format Version 12.00
# Visual Studio 15
VisualStudioVersion = 15.0.27004.2005
MinimumVisualStudioVersion = 10.0.40219.1
Project("{FAE04EC0-301F-11D3-BF4B-00C04F79EFBC}") = "Text3", "Text3\Text3.csproj", "{0AF6B353-F7A7-477A-8A78-551529222A4A}"
EndProject
Global
	GlobalSection(SolutionConfigurationPlatforms) = preSolution
		Debug|Any CPU = Debug|Any CPU
		Release|Any CPU = Release|Any CPU
	EndGlobalSection
	GlobalSection(ProjectConfigurationPlatforms) = postSolution
		{0AF6B353-F7A7-477A-8A78-551529222A4A}.Debug|Any CPU.ActiveCfg = Debug|Any CPU
		{0AF6B353-F7A7-477A-8A78-551529222A4A}.Debug|Any CPU.Build.0 = Debug|Any CPU
		{0AF6B353-F7A7-477A-8A78-551529222A4A}.Release|Any CPU.ActiveCfg = Release|Any CPU
		{0AF6B353-F7A7-477A-8A78-551529222A4A}.Release|Any CPU.Build.0 = Release|Any CPU
	EndGlobalSection
	GlobalSection(SolutionProperties) = preSolution
		HideSolutionNode = FALSE
	EndGlobalSection
	GlobalSection(ExtensibilityGlobals) = postSolution
		SolutionGuid = {8FEDADE5-7450-491D-96F5-0A8CA8761493}
	EndGlobalSection
EndGlobal
